Microsoft Visual Studio Solution File, Format Version 12.00
# Visual Studio Version 17
VisualStudioVersion = 17.0.31903.59
MinimumVisualStudioVersion = 10.0.40219.1
Project("{FAE04EC0-301F-11D3-BF4B-00C04F79EFBC}") = "NEXUS", "NEXUS\NEXUS.csproj", "{4A1B7C33-9E2D-4F71-9C1A-1F0B7E6D5A21}"
EndProject
Global
	GlobalSection(SolutionConfigurationPlatforms) = preSolution
		Debug|Any CPU = Debug|Any CPU
		Release|Any CPU = Release|Any CPU
	EndGlobalSection
	GlobalSection(ProjectConfigurationPlatforms) = postSolution
		{4A1B7C33-9E2D-4F71-9C1A-1F0B7E6D5A21}.Debug|Any CPU.ActiveCfg = Debug|Any CPU
		{4A1B7C33-9E2D-4F71-9C1A-1F0B7E6D5A21}.Debug|Any CPU.Build.0 = Debug|Any CPU
		{4A1B7C33-9E2D-4F71-9C1A-1F0B7E6D5A21}.Release|Any CPU.ActiveCfg = Release|Any CPU
		{4A1B7C33-9E2D-4F71-9C1A-1F0B7E6D5A21}.Release|Any CPU.Build.0 = Release|Any CPU
	EndGlobalSection
	GlobalSection(SolutionProperties) = preSolution
		HideSolutionNode = FALSE
	EndGlobalSection
EndGlobal
